
Microsoft Visual Studio Solution File, Format Version 12.00
# Visual Studio 15
VisualStudioVersion = 15.0.28307.271
MinimumVisualStudioVersion = 10.0.40219.1
Project("{FAE04EC0-301F-11D3-BF4B-00C04F79EFBC}") = "bm_application", "bm_application\bm_application.csproj", "{2CC2898C-4514-4509-8575-DA01174FBF3E}"
EndProject
Global
	GlobalSection(SolutionConfigurationPlatforms) = preSolution
		Debug|Any CPU = Debug|Any CPU
		Release|Any CPU = Release|Any CPU
	EndGlobalSection
	GlobalSection(ProjectConfigurationPlatforms) = postSolution
		{2CC2898C-4514-4509-8575-DA01174FBF3E}.Debug|Any CPU.ActiveCfg = Debug|Any CPU
		{2CC2898C-4514-4509-8575-DA01174FBF3E}.Debug|Any CPU.Build.0 = Debug|Any CPU
		{2CC2898C-4514-4509-8575-DA01174FBF3E}.Release|Any CPU.ActiveCfg = Release|Any CPU
		{2CC2898C-4514-4509-8575-DA01174FBF3E}.Release|Any CPU.Build.0 = Release|Any CPU
	EndGlobalSection
	GlobalSection(SolutionProperties) = preSolution
		HideSolutionNode = FALSE
	EndGlobalSection
	GlobalSection(ExtensibilityGlobals) = postSolution
		SolutionGuid = {D00A8A32-DCEC-4D5A-BC15-16909F073262}
	EndGlobalSection
EndGlobal
